<?xml version="1.0" encoding="utf-8"?>
<Project ToolsVersion="17.0" xmlns="http://schemas.microsoft.com/developer/msbuild/2003">
  <ItemGroup>
    <CustomBuild Include="C:\Users\K4K41N\Desktop\work_task\new_app\build\windows\x64\CMakeFiles\90a984881a9fc07596f05418a40d7972\INSTALL_force.rule">
      <Filter>CMake Rules</Filter>
    </CustomBuild>
  </ItemGroup>
  <ItemGroup>
    <Filter Include="CMake Rules">
      <UniqueIdentifier>{DF9EF54A-F7BA-39BA-9F01-15B3020325AE}</UniqueIdentifier>
    </Filter>
  </ItemGroup>
</Project>
